
Microsoft Visual Studio Solution File, Format Version 12.00
# Visual Studio 2013
VisualStudioVersion = 12.0.31101.0
MinimumVisualStudioVersion = 10.0.40219.1
Project("{FAE04EC0-301F-11D3-BF4B-00C04F79EFBC}") = "RaspberryPi.Utilities", "RaspberryPi.Utilities\RaspberryPi.Utilities.csproj", "{40D163EA-7138-438C-9B46-B4F9F142DD3F}"
EndProject
Project("{FAE04EC0-301F-11D3-BF4B-00C04F79EFBC}") = "RaspberryPi.Logger", "RaspberryPi.Logger\RaspberryPi.Logger.csproj", "{9518EA82-A266-4D9D-8A80-D53BA3DF139D}"
EndProject
Project("{FAE04EC0-301F-11D3-BF4B-00C04F79EFBC}") = "UnixSignalHandlerTester", "UnixSignalHandlerTester\UnixSignalHandlerTester.csproj", "{61812B7B-D9D3-4FA1-9549-8C027BE0A0FE}"
EndProject
Global
	GlobalSection(TeamFoundationVersionControl) = preSolution
		SccNumberOfProjects = 4
		SccEnterpriseProvider = {4CA58AB2-18FA-4F8D-95D4-32DDF27D184C}
		SccTeamFoundationServer = https://codefabricator.visualstudio.com/defaultcollection
		SccLocalPath0 = .
		SccProjectUniqueName1 = RaspberryPi.Utilities\\RaspberryPi.Utilities.csproj
		SccProjectName1 = RaspberryPi.Utilities
		SccLocalPath1 = RaspberryPi.Utilities
		SccProjectUniqueName2 = RaspberryPi.Logger\\RaspberryPi.Logger.csproj
		SccProjectName2 = RaspberryPi.Logger
		SccLocalPath2 = RaspberryPi.Logger
		SccProjectUniqueName3 = UnixSignalHandlerTester\\UnixSignalHandlerTester.csproj
		SccProjectName3 = UnixSignalHandlerTester
		SccLocalPath3 = UnixSignalHandlerTester
	EndGlobalSection
	GlobalSection(SolutionConfigurationPlatforms) = preSolution
		Debug|Any CPU = Debug|Any CPU
		Release|Any CPU = Release|Any CPU
	EndGlobalSection
	GlobalSection(ProjectConfigurationPlatforms) = postSolution
		{40D163EA-7138-438C-9B46-B4F9F142DD3F}.Debug|Any CPU.ActiveCfg = Debug|Any CPU
		{40D163EA-7138-438C-9B46-B4F9F142DD3F}.Debug|Any CPU.Build.0 = Debug|Any CPU
		{40D163EA-7138-438C-9B46-B4F9F142DD3F}.Release|Any CPU.ActiveCfg = Release|Any CPU
		{40D163EA-7138-438C-9B46-B4F9F142DD3F}.Release|Any CPU.Build.0 = Release|Any CPU
		{9518EA82-A266-4D9D-8A80-D53BA3DF139D}.Debug|Any CPU.ActiveCfg = Debug|Any CPU
		{9518EA82-A266-4D9D-8A80-D53BA3DF139D}.Debug|Any CPU.Build.0 = Debug|Any CPU
		{9518EA82-A266-4D9D-8A80-D53BA3DF139D}.Release|Any CPU.ActiveCfg = Release|Any CPU
		{9518EA82-A266-4D9D-8A80-D53BA3DF139D}.Release|Any CPU.Build.0 = Release|Any CPU
		{61812B7B-D9D3-4FA1-9549-8C027BE0A0FE}.Debug|Any CPU.ActiveCfg = Debug|Any CPU
		{61812B7B-D9D3-4FA1-9549-8C027BE0A0FE}.Debug|Any CPU.Build.0 = Debug|Any CPU
		{61812B7B-D9D3-4FA1-9549-8C027BE0A0FE}.Release|Any CPU.ActiveCfg = Release|Any CPU
		{61812B7B-D9D3-4FA1-9549-8C027BE0A0FE}.Release|Any CPU.Build.0 = Release|Any CPU
	EndGlobalSection
	GlobalSection(SolutionProperties) = preSolution
		HideSolutionNode = FALSE
	EndGlobalSection
EndGlobal
